{
  "name": "json-deduplicator",
  "version": "1.0.2",
  "lockfileVersion": 3,
  "requires": true,
  "packages": {
    "": {
      "name": "json-deduplicator",
      "version": "1.0.2",
      "license": "MIT",
      "dependencies": {
        "react-native-uuid": "^2.0.2"
      }
    },
    "node_modules/react-native-uuid": {
      "version": "2.0.2",
      "resolved": "https://registry.npmjs.org/react-native-uuid/-/react-native-uuid-2.0.2.tgz",
      "integrity": "sha512-5ypj/hV58P+6VREdjkW0EudSibsH3WdqDERoHKnD9syFWjF+NfRWWrJb2sa3LIwI5zpzMvUiabs+DX40WHpEMw==",
      "license": "MIT",
      "engines": {
        "node": ">=10.0.0",
        "npm": ">=6.0.0"
      }
    }
  }
}
